{
  "name": "turborepo",
  "version": "1.0.0",
  "lockfileVersion": 3,
  "requires": true,
  "packages": {
    "": {
      "name": "turborepo",
      "version": "1.0.0",
      "license": "ISC",
      "devDependencies": {
        "turbo": "^1.13.1"
      }
    },
    "node_modules/turbo": {
      "version": "1.13.1",
      "resolved": "https://registry.npmjs.org/turbo/-/turbo-1.13.1.tgz",
      "integrity": "sha512-eaPSwcmWa70Mjxph+T65U76RFgLQc5GpGV5u4Xy+GrpAReImlTwN1uYDpQ7hsdG338l9EW6cDGIdsHVV3Fo5wg==",
      "dev": true,
      "bin": {
        "turbo": "bin/turbo"
      },
      "optionalDependencies": {
        "turbo-darwin-64": "1.13.1",
        "turbo-darwin-arm64": "1.13.1",
        "turbo-linux-64": "1.13.1",
        "turbo-linux-arm64": "1.13.1",
        "turbo-windows-64": "1.13.1",
        "turbo-windows-arm64": "1.13.1"
      }
    },
    "node_modules/turbo-darwin-64": {
      "version": "1.13.1",
      "resolved": "https://registry.npmjs.org/turbo-darwin-64/-/turbo-darwin-64-1.13.1.tgz",
      "integrity": "sha512-CvbS+57ddn4eGAFW6Ha0O+W9E1S3W1rJ4xh4+LWtzAWuyCa8sOs9pLvGQYVtR9RVpb07bFlLhPUSrlyYXiphXQ==",
      "cpu": [
        "x64"
      ],
      "dev": true,
      "optional": true,
      "os": [
        "darwin"
      ]
    },
    "node_modules/turbo-darwin-arm64": {
      "version": "1.13.1",
      "resolved": "https://registry.npmjs.org/turbo-darwin-arm64/-/turbo-darwin-arm64-1.13.1.tgz",
      "integrity": "sha512-PLuKpmT6cK7W6lucapEsqlNGGyfLIlTWrX6fArQmC2posoqg0R70wvi1kXFe0YNsZxjjHSqn7KQCBOgIjh+ddw==",
      "cpu": [
        "arm64"
      ],
      "dev": true,
      "optional": true,
      "os": [
        "darwin"
      ]
    },
    "node_modules/turbo-linux-64": {
      "version": "1.13.1",
      "resolved": "https://registry.npmjs.org/turbo-linux-64/-/turbo-linux-64-1.13.1.tgz",
      "integrity": "sha512-pHFwm7tfGo6O2gwUPl/xtem1xy0ypDM9Gba8dKrvKkJRoJsOeztIw5of+SPqbXD7kfxGDmEg7mDQGFA0xw7pog==",
      "cpu": [
        "x64"
      ],
      "dev": true,
      "optional": true,
      "os": [
        "linux"
      ]
    },
    "node_modules/turbo-linux-arm64": {
      "version": "1.13.1",
      "resolved": "https://registry.npmjs.org/turbo-linux-arm64/-/turbo-linux-arm64-1.13.1.tgz",
      "integrity": "sha512-FnbameYxpeuR0jHvD0issd0kGvJdVvsRWwTBYo0wJ4OsNrMQFP95+TZLv2WAQGiHebv5bi09WBe0C5yMiHAiFg==",
      "cpu": [
        "arm64"
      ],
      "dev": true,
      "optional": true,
      "os": [
        "linux"
      ]
    },
    "node_modules/turbo-windows-64": {
      "version": "1.13.1",
      "resolved": "https://registry.npmjs.org/turbo-windows-64/-/turbo-windows-64-1.13.1.tgz",
      "integrity": "sha512-fTZh1p3EV3y9kKQ/iy1OzNa4WSZu4FQn/GmnGw1SOv3fvd/wbpcm0ck0j3mo6grf/dwCxFdmRKVDL4yaZjHByA==",
      "cpu": [
        "x64"
      ],
      "dev": true,
      "optional": true,
      "os": [
        "win32"
      ]
    },
    "node_modules/turbo-windows-arm64": {
      "version": "1.13.1",
      "resolved": "https://registry.npmjs.org/turbo-windows-arm64/-/turbo-windows-arm64-1.13.1.tgz",
      "integrity": "sha512-MXnhMHWb6HqI0mm3bQNv5i3OxhkVSATpUfisBvKHf4DXHvvejCfxXA0Pg/4sYqOej5gn4PXjcNH+45f7flUQ0A==",
      "cpu": [
        "arm64"
      ],
      "dev": true,
      "optional": true,
      "os": [
        "win32"
      ]
    }
  }
}
